
Microsoft Visual Studio Solution File, Format Version 12.00
# Visual Studio Version 17
VisualStudioVersion = 17.4.33110.190
MinimumVisualStudioVersion = 10.0.40219.1
Project("{FAE04EC0-301F-11D3-BF4B-00C04F79EFBC}") = "Azure9_Functions_19.05", "Azure9_Functions_19.05\Azure9_Functions_19.05.csproj", "{691A9202-D856-4922-AB98-2B99483ACCDF}"
EndProject
Global
	GlobalSection(SolutionConfigurationPlatforms) = preSolution
		Debug|Any CPU = Debug|Any CPU
		Release|Any CPU = Release|Any CPU
	EndGlobalSection
	GlobalSection(ProjectConfigurationPlatforms) = postSolution
		{691A9202-D856-4922-AB98-2B99483ACCDF}.Debug|Any CPU.ActiveCfg = Debug|Any CPU
		{691A9202-D856-4922-AB98-2B99483ACCDF}.Debug|Any CPU.Build.0 = Debug|Any CPU
		{691A9202-D856-4922-AB98-2B99483ACCDF}.Release|Any CPU.ActiveCfg = Release|Any CPU
		{691A9202-D856-4922-AB98-2B99483ACCDF}.Release|Any CPU.Build.0 = Release|Any CPU
	EndGlobalSection
	GlobalSection(SolutionProperties) = preSolution
		HideSolutionNode = FALSE
	EndGlobalSection
	GlobalSection(ExtensibilityGlobals) = postSolution
		SolutionGuid = {01825227-EDD7-4FE6-BC77-24BCDC424E8C}
	EndGlobalSection
EndGlobal
